// !$*UTF8*$!
{
	archiveVersion = 1;
	classes = {
	};
	objectVersion = 46;
	objects = {

/* Begin PBXBuildFile section */
		F909ECD81D91CA5300EBF45F /* CoordinateFormatter.swift in Sources */ = {isa = PBXBuildFile; fileRef = F909ECD61D91CA4E00EBF45F /* CoordinateFormatter.swift */; };
		F931CF33190910D300D92AB4 /* Foundation.framework in Frameworks */ = {isa = PBXBuildFile; fileRef = F931CF32190910D300D92AB4 /* Foundation.framework */; };
		F931CF35190910D300D92AB4 /* CoreGraphics.framework in Frameworks */ = {isa = PBXBuildFile; fileRef = F931CF34190910D300D92AB4 /* CoreGraphics.framework */; };
		F931CF37190910D300D92AB4 /* UIKit.framework in Frameworks */ = {isa = PBXBuildFile; fileRef = F931CF36190910D300D92AB4 /* UIKit.framework */; };
		F931CF3D190910D300D92AB4 /* InfoPlist.strings in Resources */ = {isa = PBXBuildFile; fileRef = F931CF3B190910D300D92AB4 /* InfoPlist.strings */; };
		F931CF46190910D300D92AB4 /* Main.storyboard in Resources */ = {isa = PBXBuildFile; fileRef = F931CF44190910D300D92AB4 /* Main.storyboard */; };
		F931CF4B190910D300D92AB4 /* Images.xcassets in Resources */ = {isa = PBXBuildFile; fileRef = F931CF4A190910D300D92AB4 /* Images.xcassets */; };
		F931CF681909118800D92AB4 /* CoreLocation.framework in Frameworks */ = {isa = PBXBuildFile; fileRef = F931CF671909118800D92AB4 /* CoreLocation.framework */; };
		F931EDE81DE4DF8A0013EE83 /* AltitudeFormatter.swift in Sources */ = {isa = PBXBuildFile; fileRef = F9FDBD461D8ED4E00001CD31 /* AltitudeFormatter.swift */; };
		F931EDE91DE4E9C70013EE83 /* Settings.swift in Sources */ = {isa = PBXBuildFile; fileRef = F983AC721DAC926C002CAA2B /* Settings.swift */; };
		F931EDEA1DE4E9D70013EE83 /* CoordinateFormatter.swift in Sources */ = {isa = PBXBuildFile; fileRef = F909ECD61D91CA4E00EBF45F /* CoordinateFormatter.swift */; };
		F983AC731DAC926C002CAA2B /* Settings.swift in Sources */ = {isa = PBXBuildFile; fileRef = F983AC721DAC926C002CAA2B /* Settings.swift */; };
		F98440D51DA0CC86004C5C73 /* SettingsTableViewController.swift in Sources */ = {isa = PBXBuildFile; fileRef = F98440D41DA0CC86004C5C73 /* SettingsTableViewController.swift */; };
		F9CA5EEC1D9F6DF300CD528E /* CoordinateFormatterTests.swift in Sources */ = {isa = PBXBuildFile; fileRef = F9CA5EEB1D9F6DF300CD528E /* CoordinateFormatterTests.swift */; };
		F9D38F291D8B8927000B2FE6 /* NotificationCenter.framework in Frameworks */ = {isa = PBXBuildFile; fileRef = F9D38F141D8B8865000B2FE6 /* NotificationCenter.framework */; };
		F9D38F2C1D8B8927000B2FE6 /* TodayViewController.swift in Sources */ = {isa = PBXBuildFile; fileRef = F9D38F2B1D8B8927000B2FE6 /* TodayViewController.swift */; };
		F9D38F2F1D8B8927000B2FE6 /* MainInterface.storyboard in Resources */ = {isa = PBXBuildFile; fileRef = F9D38F2D1D8B8927000B2FE6 /* MainInterface.storyboard */; };
		F9D38F331D8B8927000B2FE6 /* Altimetr Today.appex in Embed App Extensions */ = {isa = PBXBuildFile; fileRef = F9D38F281D8B8927000B2FE6 /* Altimetr Today.appex */; settings = {ATTRIBUTES = (RemoveHeadersOnCopy, ); }; };
		F9FDBD431D8EB4C60001CD31 /* AppDelegate.swift in Sources */ = {isa = PBXBuildFile; fileRef = F9FDBD421D8EB4C60001CD31 /* AppDelegate.swift */; };
		F9FDBD451D8EB7BE0001CD31 /* ViewController.swift in Sources */ = {isa = PBXBuildFile; fileRef = F9FDBD441D8EB7BE0001CD31 /* ViewController.swift */; };
		F9FDBD471D8ED4E00001CD31 /* AltitudeFormatter.swift in Sources */ = {isa = PBXBuildFile; fileRef = F9FDBD461D8ED4E00001CD31 /* AltitudeFormatter.swift */; };
		F9FDBD511D8EE9630001CD31 /* AltimetrTests.swift in Sources */ = {isa = PBXBuildFile; fileRef = F9FDBD501D8EE9630001CD31 /* AltimetrTests.swift */; };
		F9FDBD5C1D8EEAA20001CD31 /* AltitudeFormatterTests.swift in Sources */ = {isa = PBXBuildFile; fileRef = F9FDBD5B1D8EEAA20001CD31 /* AltitudeFormatterTests.swift */; };
		F9FDBD5E1D8F0D8D0001CD31 /* Launch Screen.storyboard in Resources */ = {isa = PBXBuildFile; fileRef = F9FDBD5D1D8F0D8D0001CD31 /* Launch Screen.storyboard */; };
		F9FDBD601D8F130F0001CD31 /* SignalStrengthView.swift in Sources */ = {isa = PBXBuildFile; fileRef = F9FDBD5F1D8F130F0001CD31 /* SignalStrengthView.swift */; };
/* End PBXBuildFile section */

/* Begin PBXContainerItemProxy section */
		F9D38F311D8B8927000B2FE6 /* PBXContainerItemProxy */ = {
			isa = PBXContainerItemProxy;
			containerPortal = F931CF27190910D300D92AB4 /* Project object */;
			proxyType = 1;
			remoteGlobalIDString = F9D38F271D8B8927000B2FE6;
			remoteInfo = "Altimeter Today";
		};
		F9FDBD531D8EE9630001CD31 /* PBXContainerItemProxy */ = {
			isa = PBXContainerItemProxy;
			containerPortal = F931CF27190910D300D92AB4 /* Project object */;
			proxyType = 1;
			remoteGlobalIDString = F931CF2E190910D300D92AB4;
			remoteInfo = Altimeter;
		};
/* End PBXContainerItemProxy section */

/* Begin PBXCopyFilesBuildPhase section */
		F9D38F231D8B8865000B2FE6 /* Embed App Extensions */ = {
			isa = PBXCopyFilesBuildPhase;
			buildActionMask = 2147483647;
			dstPath = "";
			dstSubfolderSpec = 13;
			files = (
				F9D38F331D8B8927000B2FE6 /* Altimetr Today.appex in Embed App Extensions */,
			);
			name = "Embed App Extensions";
			runOnlyForDeploymentPostprocessing = 0;
		};
/* End PBXCopyFilesBuildPhase section */

/* Begin PBXFileReference section */
		F909ECD61D91CA4E00EBF45F /* CoordinateFormatter.swift */ = {isa = PBXFileReference; fileEncoding = 4; lastKnownFileType = sourcecode.swift; name = CoordinateFormatter.swift; path = Altimetr/CoordinateFormatter.swift; sourceTree = SOURCE_ROOT; };
		F931CF2F190910D300D92AB4 /* Altimetr.app */ = {isa = PBXFileReference; explicitFileType = wrapper.application; includeInIndex = 0; path = Altimetr.app; sourceTree = BUILT_PRODUCTS_DIR; };
		F931CF32190910D300D92AB4 /* Foundation.framework */ = {isa = PBXFileReference; lastKnownFileType = wrapper.framework; name = Foundation.framework; path = System/Library/Frameworks/Foundation.framework; sourceTree = SDKROOT; };
		F931CF34190910D300D92AB4 /* CoreGraphics.framework */ = {isa = PBXFileReference; lastKnownFileType = wrapper.framework; name = CoreGraphics.framework; path = System/Library/Frameworks/CoreGraphics.framework; sourceTree = SDKROOT; };
		F931CF36190910D300D92AB4 /* UIKit.framework */ = {isa = PBXFileReference; lastKnownFileType = wrapper.framework; name = UIKit.framework; path = System/Library/Frameworks/UIKit.framework; sourceTree = SDKROOT; };
		F931CF3A190910D300D92AB4 /* Altimetr-Info.plist */ = {isa = PBXFileReference; lastKnownFileType = text.plist.xml; path = "Altimetr-Info.plist"; sourceTree = "<group>"; };
		F931CF3C190910D300D92AB4 /* en */ = {isa = PBXFileReference; lastKnownFileType = text.plist.strings; name = en; path = en.lproj/InfoPlist.strings; sourceTree = "<group>"; };
		F931CF45190910D300D92AB4 /* Base */ = {isa = PBXFileReference; lastKnownFileType = file.storyboard; name = Base; path = Base.lproj/Main.storyboard; sourceTree = "<group>"; };
		F931CF4A190910D300D92AB4 /* Images.xcassets */ = {isa = PBXFileReference; lastKnownFileType = folder.assetcatalog; path = Images.xcassets; sourceTree = "<group>"; };
		F931CF51190910D300D92AB4 /* XCTest.framework */ = {isa = PBXFileReference; lastKnownFileType = wrapper.framework; name = XCTest.framework; path = Library/Frameworks/XCTest.framework; sourceTree = DEVELOPER_DIR; };
		F931CF671909118800D92AB4 /* CoreLocation.framework */ = {isa = PBXFileReference; lastKnownFileType = wrapper.framework; name = CoreLocation.framework; path = System/Library/Frameworks/CoreLocation.framework; sourceTree = SDKROOT; };
		F983AC721DAC926C002CAA2B /* Settings.swift */ = {isa = PBXFileReference; fileEncoding = 4; lastKnownFileType = sourcecode.swift; path = Settings.swift; sourceTree = "<group>"; };
		F98440D41DA0CC86004C5C73 /* SettingsTableViewController.swift */ = {isa = PBXFileReference; fileEncoding = 4; lastKnownFileType = sourcecode.swift; path = SettingsTableViewController.swift; sourceTree = "<group>"; };
		F99983431DE6386E00D16880 /* Altimetr.entitlements */ = {isa = PBXFileReference; lastKnownFileType = text.plist.entitlements; path = Altimetr.entitlements; sourceTree = "<group>"; };
		F99983441DE6388C00D16880 /* Altimetr Today.entitlements */ = {isa = PBXFileReference; lastKnownFileType = text.plist.entitlements; path = "Altimetr Today.entitlements"; sourceTree = "<group>"; };
		F9CA5EEB1D9F6DF300CD528E /* CoordinateFormatterTests.swift */ = {isa = PBXFileReference; fileEncoding = 4; lastKnownFileType = sourcecode.swift; path = CoordinateFormatterTests.swift; sourceTree = "<group>"; };
		F9D38F141D8B8865000B2FE6 /* NotificationCenter.framework */ = {isa = PBXFileReference; lastKnownFileType = wrapper.framework; name = NotificationCenter.framework; path = System/Library/Frameworks/NotificationCenter.framework; sourceTree = SDKROOT; };
		F9D38F281D8B8927000B2FE6 /* Altimetr Today.appex */ = {isa = PBXFileReference; explicitFileType = "wrapper.app-extension"; includeInIndex = 0; path = "Altimetr Today.appex"; sourceTree = BUILT_PRODUCTS_DIR; };
		F9D38F2B1D8B8927000B2FE6 /* TodayViewController.swift */ = {isa = PBXFileReference; lastKnownFileType = sourcecode.swift; path = TodayViewController.swift; sourceTree = "<group>"; };
		F9D38F2E1D8B8927000B2FE6 /* Base */ = {isa = PBXFileReference; lastKnownFileType = file.storyboard; name = Base; path = Base.lproj/MainInterface.storyboard; sourceTree = "<group>"; };
		F9D38F301D8B8927000B2FE6 /* Info.plist */ = {isa = PBXFileReference; lastKnownFileType = text.plist.xml; path = Info.plist; sourceTree = "<group>"; };
		F9FDBD421D8EB4C60001CD31 /* AppDelegate.swift */ = {isa = PBXFileReference; fileEncoding = 4; lastKnownFileType = sourcecode.swift; path = AppDelegate.swift; sourceTree = "<group>"; };
		F9FDBD441D8EB7BE0001CD31 /* ViewController.swift */ = {isa = PBXFileReference; fileEncoding = 4; lastKnownFileType = sourcecode.swift; path = ViewController.swift; sourceTree = "<group>"; };
		F9FDBD461D8ED4E00001CD31 /* AltitudeFormatter.swift */ = {isa = PBXFileReference; fileEncoding = 4; lastKnownFileType = sourcecode.swift; path = AltitudeFormatter.swift; sourceTree = "<group>"; };
		F9FDBD4E1D8EE9620001CD31 /* AltimetrTests.xctest */ = {isa = PBXFileReference; explicitFileType = wrapper.cfbundle; includeInIndex = 0; path = AltimetrTests.xctest; sourceTree = BUILT_PRODUCTS_DIR; };
		F9FDBD501D8EE9630001CD31 /* AltimetrTests.swift */ = {isa = PBXFileReference; lastKnownFileType = sourcecode.swift; path = AltimetrTests.swift; sourceTree = "<group>"; };
		F9FDBD521D8EE9630001CD31 /* Info.plist */ = {isa = PBXFileReference; lastKnownFileType = text.plist.xml; path = Info.plist; sourceTree = "<group>"; };
		F9FDBD5B1D8EEAA20001CD31 /* AltitudeFormatterTests.swift */ = {isa = PBXFileReference; fileEncoding = 4; lastKnownFileType = sourcecode.swift; path = AltitudeFormatterTests.swift; sourceTree = "<group>"; };
		F9FDBD5D1D8F0D8D0001CD31 /* Launch Screen.storyboard */ = {isa = PBXFileReference; fileEncoding = 4; lastKnownFileType = file.storyboard; path = "Launch Screen.storyboard"; sourceTree = "<group>"; };
		F9FDBD5F1D8F130F0001CD31 /* SignalStrengthView.swift */ = {isa = PBXFileReference; fileEncoding = 4; lastKnownFileType = sourcecode.swift; path = SignalStrengthView.swift; sourceTree = "<group>"; };
/* End PBXFileReference section */

/* Begin PBXFrameworksBuildPhase section */
		F931CF2C190910D300D92AB4 /* Frameworks */ = {
			isa = PBXFrameworksBuildPhase;
			buildActionMask = 2147483647;
			files = (
				F931CF681909118800D92AB4 /* CoreLocation.framework in Frameworks */,
				F931CF35190910D300D92AB4 /* CoreGraphics.framework in Frameworks */,
				F931CF37190910D300D92AB4 /* UIKit.framework in Frameworks */,
				F931CF33190910D300D92AB4 /* Foundation.framework in Frameworks */,
			);
			runOnlyForDeploymentPostprocessing = 0;
		};
		F9D38F251D8B8927000B2FE6 /* Frameworks */ = {
			isa = PBXFrameworksBuildPhase;
			buildActionMask = 2147483647;
			files = (
				F9D38F291D8B8927000B2FE6 /* NotificationCenter.framework in Frameworks */,
			);
			runOnlyForDeploymentPostprocessing = 0;
		};
		F9FDBD4B1D8EE9620001CD31 /* Frameworks */ = {
			isa = PBXFrameworksBuildPhase;
			buildActionMask = 2147483647;
			files = (
			);
			runOnlyForDeploymentPostprocessing = 0;
		};
/* End PBXFrameworksBuildPhase section */

/* Begin PBXGroup section */
		F931CF26190910D300D92AB4 = {
			isa = PBXGroup;
			children = (
				F931CF38190910D300D92AB4 /* Altimetr */,
				F9D38F2A1D8B8927000B2FE6 /* Altimetr Today */,
				F9FDBD4F1D8EE9630001CD31 /* AltimetrTests */,
				F931CF31190910D300D92AB4 /* Frameworks */,
				F931CF30190910D300D92AB4 /* Products */,
			);
			sourceTree = "<group>";
		};
		F931CF30190910D300D92AB4 /* Products */ = {
			isa = PBXGroup;
			children = (
				F931CF2F190910D300D92AB4 /* Altimetr.app */,
				F9D38F281D8B8927000B2FE6 /* Altimetr Today.appex */,
				F9FDBD4E1D8EE9620001CD31 /* AltimetrTests.xctest */,
			);
			name = Products;
			sourceTree = "<group>";
		};
		F931CF31190910D300D92AB4 /* Frameworks */ = {
			isa = PBXGroup;
			children = (
				F931CF671909118800D92AB4 /* CoreLocation.framework */,
				F931CF32190910D300D92AB4 /* Foundation.framework */,
				F931CF34190910D300D92AB4 /* CoreGraphics.framework */,
				F931CF36190910D300D92AB4 /* UIKit.framework */,
				F931CF51190910D300D92AB4 /* XCTest.framework */,
				F9D38F141D8B8865000B2FE6 /* NotificationCenter.framework */,
			);
			name = Frameworks;
			sourceTree = "<group>";
		};
		F931CF38190910D300D92AB4 /* Altimetr */ = {
			isa = PBXGroup;
			children = (
				F99983431DE6386E00D16880 /* Altimetr.entitlements */,
				F931CF44190910D300D92AB4 /* Main.storyboard */,
				F9FDBD5D1D8F0D8D0001CD31 /* Launch Screen.storyboard */,
				F9FDBD421D8EB4C60001CD31 /* AppDelegate.swift */,
				F98440D41DA0CC86004C5C73 /* SettingsTableViewController.swift */,
				F983AC721DAC926C002CAA2B /* Settings.swift */,
				F9FDBD441D8EB7BE0001CD31 /* ViewController.swift */,
				F9FDBD5F1D8F130F0001CD31 /* SignalStrengthView.swift */,
				F9FDBD461D8ED4E00001CD31 /* AltitudeFormatter.swift */,
				F909ECD61D91CA4E00EBF45F /* CoordinateFormatter.swift */,
				F931CF4A190910D300D92AB4 /* Images.xcassets */,
				F931CF39190910D300D92AB4 /* Supporting Files */,
			);
			path = Altimetr;
			sourceTree = "<group>";
		};
		F931CF39190910D300D92AB4 /* Supporting Files */ = {
			isa = PBXGroup;
			children = (
				F931CF3A190910D300D92AB4 /* Altimetr-Info.plist */,
				F931CF3B190910D300D92AB4 /* InfoPlist.strings */,
			);
			name = "Supporting Files";
			sourceTree = "<group>";
		};
		F9D38F2A1D8B8927000B2FE6 /* Altimetr Today */ = {
			isa = PBXGroup;
			children = (
				F99983441DE6388C00D16880 /* Altimetr Today.entitlements */,
				F9D38F2B1D8B8927000B2FE6 /* TodayViewController.swift */,
				F9D38F2D1D8B8927000B2FE6 /* MainInterface.storyboard */,
				F9D38F301D8B8927000B2FE6 /* Info.plist */,
			);
			path = "Altimetr Today";
			sourceTree = "<group>";
		};
		F9FDBD4F1D8EE9630001CD31 /* AltimetrTests */ = {
			isa = PBXGroup;
			children = (
				F9CA5EEB1D9F6DF300CD528E /* CoordinateFormatterTests.swift */,
				F9FDBD5B1D8EEAA20001CD31 /* AltitudeFormatterTests.swift */,
				F9FDBD501D8EE9630001CD31 /* AltimetrTests.swift */,
				F9FDBD521D8EE9630001CD31 /* Info.plist */,
			);
			path = AltimetrTests;
			sourceTree = "<group>";
		};
/* End PBXGroup section */

/* Begin PBXNativeTarget section */
		F931CF2E190910D300D92AB4 /* Altimetr */ = {
			isa = PBXNativeTarget;
			buildConfigurationList = F931CF61190910D300D92AB4 /* Build configuration list for PBXNativeTarget "Altimetr" */;
			buildPhases = (
				F931CF2B190910D300D92AB4 /* Sources */,
				F931CF2C190910D300D92AB4 /* Frameworks */,
				F931CF2D190910D300D92AB4 /* Resources */,
				F9D38F231D8B8865000B2FE6 /* Embed App Extensions */,
			);
			buildRules = (
			);
			dependencies = (
				F9D38F321D8B8927000B2FE6 /* PBXTargetDependency */,
			);
			name = Altimetr;
			productName = Altimeter;
			productReference = F931CF2F190910D300D92AB4 /* Altimetr.app */;
			productType = "com.apple.product-type.application";
		};
		F9D38F271D8B8927000B2FE6 /* Altimetr Today */ = {
			isa = PBXNativeTarget;
			buildConfigurationList = F9D38F361D8B8928000B2FE6 /* Build configuration list for PBXNativeTarget "Altimetr Today" */;
			buildPhases = (
				F9D38F241D8B8927000B2FE6 /* Sources */,
				F9D38F251D8B8927000B2FE6 /* Frameworks */,
				F9D38F261D8B8927000B2FE6 /* Resources */,
			);
			buildRules = (
			);
			dependencies = (
			);
			name = "Altimetr Today";
			productName = "Altimeter Today";
			productReference = F9D38F281D8B8927000B2FE6 /* Altimetr Today.appex */;
			productType = "com.apple.product-type.app-extension";
		};
		F9FDBD4D1D8EE9620001CD31 /* AltimetrTests */ = {
			isa = PBXNativeTarget;
			buildConfigurationList = F9FDBD551D8EE9630001CD31 /* Build configuration list for PBXNativeTarget "AltimetrTests" */;
			buildPhases = (
				F9FDBD4A1D8EE9620001CD31 /* Sources */,
				F9FDBD4B1D8EE9620001CD31 /* Frameworks */,
				F9FDBD4C1D8EE9620001CD31 /* Resources */,
			);
			buildRules = (
			);
			dependencies = (
				F9FDBD541D8EE9630001CD31 /* PBXTargetDependency */,
			);
			name = AltimetrTests;
			productName = AltimeterTests;
			productReference = F9FDBD4E1D8EE9620001CD31 /* AltimetrTests.xctest */;
			productType = "com.apple.product-type.bundle.unit-test";
		};
/* End PBXNativeTarget section */

/* Begin PBXProject section */
		F931CF27190910D300D92AB4 /* Project object */ = {
			isa = PBXProject;
			attributes = {
				CLASSPREFIX = AL;
				LastSwiftUpdateCheck = 0730;
				LastUpgradeCheck = 0800;
				ORGANIZATIONNAME = "Guillaume Legrain";
				TargetAttributes = {
					F931CF2E190910D300D92AB4 = {
						DevelopmentTeam = F62A54H99Z;
						LastSwiftMigration = 0800;
						ProvisioningStyle = Automatic;
						SystemCapabilities = {
							com.apple.ApplicationGroups.iOS = {
								enabled = 0;
							};
						};
					};
					F9D38F271D8B8927000B2FE6 = {
						CreatedOnToolsVersion = 7.3.1;
						DevelopmentTeam = F62A54H99Z;
						LastSwiftMigration = 0800;
						ProvisioningStyle = Automatic;
						SystemCapabilities = {
							com.apple.ApplicationGroups.iOS = {
								enabled = 0;
							};
						};
					};
					F9FDBD4D1D8EE9620001CD31 = {
						CreatedOnToolsVersion = 7.3.1;
						DevelopmentTeam = F62A54H99Z;
						LastSwiftMigration = 0800;
						TestTargetID = F931CF2E190910D300D92AB4;
					};
				};
			};
			buildConfigurationList = F931CF2A190910D300D92AB4 /* Build configuration list for PBXProject "Altimetr" */;
			compatibilityVersion = "Xcode 3.2";
			developmentRegion = English;
			hasScannedForEncodings = 0;
			knownRegions = (
				en,
				Base,
			);
			mainGroup = F931CF26190910D300D92AB4;
			productRefGroup = F931CF30190910D300D92AB4 /* Products */;
			projectDirPath = "";
			projectRoot = "";
			targets = (
				F931CF2E190910D300D92AB4 /* Altimetr */,
				F9D38F271D8B8927000B2FE6 /* Altimetr Today */,
				F9FDBD4D1D8EE9620001CD31 /* AltimetrTests */,
			);
		};
/* End PBXProject section */

/* Begin PBXResourcesBuildPhase section */
		F931CF2D190910D300D92AB4 /* Resources */ = {
			isa = PBXResourcesBuildPhase;
			buildActionMask = 2147483647;
			files = (
				F931CF4B190910D300D92AB4 /* Images.xcassets in Resources */,
				F931CF3D190910D300D92AB4 /* InfoPlist.strings in Resources */,
				F9FDBD5E1D8F0D8D0001CD31 /* Launch Screen.storyboard in Resources */,
				F931CF46190910D300D92AB4 /* Main.storyboard in Resources */,
			);
			runOnlyForDeploymentPostprocessing = 0;
		};
		F9D38F261D8B8927000B2FE6 /* Resources */ = {
			isa = PBXResourcesBuildPhase;
			buildActionMask = 2147483647;
			files = (
				F9D38F2F1D8B8927000B2FE6 /* MainInterface.storyboard in Resources */,
			);
			runOnlyForDeploymentPostprocessing = 0;
		};
		F9FDBD4C1D8EE9620001CD31 /* Resources */ = {
			isa = PBXResourcesBuildPhase;
			buildActionMask = 2147483647;
			files = (
			);
			runOnlyForDeploymentPostprocessing = 0;
		};
/* End PBXResourcesBuildPhase section */

/* Begin PBXSourcesBuildPhase section */
		F931CF2B190910D300D92AB4 /* Sources */ = {
			isa = PBXSourcesBuildPhase;
			buildActionMask = 2147483647;
			files = (
				F909ECD81D91CA5300EBF45F /* CoordinateFormatter.swift in Sources */,
				F9FDBD601D8F130F0001CD31 /* SignalStrengthView.swift in Sources */,
				F98440D51DA0CC86004C5C73 /* SettingsTableViewController.swift in Sources */,
				F9FDBD471D8ED4E00001CD31 /* AltitudeFormatter.swift in Sources */,
				F983AC731DAC926C002CAA2B /* Settings.swift in Sources */,
				F9FDBD451D8EB7BE0001CD31 /* ViewController.swift in Sources */,
				F9FDBD431D8EB4C60001CD31 /* AppDelegate.swift in Sources */,
			);
			runOnlyForDeploymentPostprocessing = 0;
		};
		F9D38F241D8B8927000B2FE6 /* Sources */ = {
			isa = PBXSourcesBuildPhase;
			buildActionMask = 2147483647;
			files = (
				F931EDEA1DE4E9D70013EE83 /* CoordinateFormatter.swift in Sources */,
				F931EDE91DE4E9C70013EE83 /* Settings.swift in Sources */,
				F931EDE81DE4DF8A0013EE83 /* AltitudeFormatter.swift in Sources */,
				F9D38F2C1D8B8927000B2FE6 /* TodayViewController.swift in Sources */,
			);
			runOnlyForDeploymentPostprocessing = 0;
		};
		F9FDBD4A1D8EE9620001CD31 /* Sources */ = {
			isa = PBXSourcesBuildPhase;
			buildActionMask = 2147483647;
			files = (
				F9FDBD5C1D8EEAA20001CD31 /* AltitudeFormatterTests.swift in Sources */,
				F9CA5EEC1D9F6DF300CD528E /* CoordinateFormatterTests.swift in Sources */,
				F9FDBD511D8EE9630001CD31 /* AltimetrTests.swift in Sources */,
			);
			runOnlyForDeploymentPostprocessing = 0;
		};
/* End PBXSourcesBuildPhase section */

/* Begin PBXTargetDependency section */
		F9D38F321D8B8927000B2FE6 /* PBXTargetDependency */ = {
			isa = PBXTargetDependency;
			target = F9D38F271D8B8927000B2FE6 /* Altimetr Today */;
			targetProxy = F9D38F311D8B8927000B2FE6 /* PBXContainerItemProxy */;
		};
		F9FDBD541D8EE9630001CD31 /* PBXTargetDependency */ = {
			isa = PBXTargetDependency;
			target = F931CF2E190910D300D92AB4 /* Altimetr */;
			targetProxy = F9FDBD531D8EE9630001CD31 /* PBXContainerItemProxy */;
		};
/* End PBXTargetDependency section */

/* Begin PBXVariantGroup section */
		F931CF3B190910D300D92AB4 /* InfoPlist.strings */ = {
			isa = PBXVariantGroup;
			children = (
				F931CF3C190910D300D92AB4 /* en */,
			);
			name = InfoPlist.strings;
			sourceTree = "<group>";
		};
		F931CF44190910D300D92AB4 /* Main.storyboard */ = {
			isa = PBXVariantGroup;
			children = (
				F931CF45190910D300D92AB4 /* Base */,
			);
			name = Main.storyboard;
			sourceTree = "<group>";
		};
		F9D38F2D1D8B8927000B2FE6 /* MainInterface.storyboard */ = {
			isa = PBXVariantGroup;
			children = (
				F9D38F2E1D8B8927000B2FE6 /* Base */,
			);
			name = MainInterface.storyboard;
			sourceTree = "<group>";
		};
/* End PBXVariantGroup section */

/* Begin XCBuildConfiguration section */
		F931CF5F190910D300D92AB4 /* Debug */ = {
			isa = XCBuildConfiguration;
			buildSettings = {
				ALWAYS_SEARCH_USER_PATHS = NO;
				CLANG_CXX_LANGUAGE_STANDARD = "gnu++0x";
				CLANG_CXX_LIBRARY = "libc++";
				CLANG_ENABLE_MODULES = YES;
				CLANG_ENABLE_OBJC_ARC = YES;
				CLANG_WARN_BOOL_CONVERSION = YES;
				CLANG_WARN_CONSTANT_CONVERSION = YES;
				CLANG_WARN_DIRECT_OBJC_ISA_USAGE = YES_ERROR;
				CLANG_WARN_EMPTY_BODY = YES;
				CLANG_WARN_ENUM_CONVERSION = YES;
				CLANG_WARN_INFINITE_RECURSION = YES;
				CLANG_WARN_INT_CONVERSION = YES;
				CLANG_WARN_OBJC_ROOT_CLASS = YES_ERROR;
				CLANG_WARN_SUSPICIOUS_MOVE = YES;
				CLANG_WARN_UNREACHABLE_CODE = YES;
				CLANG_WARN__DUPLICATE_METHOD_MATCH = YES;
				CODE_SIGN_IDENTITY = "iPhone Developer";
				"CODE_SIGN_IDENTITY[sdk=iphoneos*]" = "iPhone Developer";
				COPY_PHASE_STRIP = NO;
				ENABLE_STRICT_OBJC_MSGSEND = YES;
				ENABLE_TESTABILITY = YES;
				GCC_C_LANGUAGE_STANDARD = gnu99;
				GCC_DYNAMIC_NO_PIC = NO;
				GCC_NO_COMMON_BLOCKS = YES;
				GCC_OPTIMIZATION_LEVEL = 0;
				GCC_PREPROCESSOR_DEFINITIONS = (
					"DEBUG=1",
					"$(inherited)",
				);
				GCC_SYMBOLS_PRIVATE_EXTERN = NO;
				GCC_WARN_64_TO_32_BIT_CONVERSION = YES;
				GCC_WARN_ABOUT_RETURN_TYPE = YES_ERROR;
				GCC_WARN_UNDECLARED_SELECTOR = YES;
				GCC_WARN_UNINITIALIZED_AUTOS = YES_AGGRESSIVE;
				GCC_WARN_UNUSED_FUNCTION = YES;
				GCC_WARN_UNUSED_VARIABLE = YES;
				IPHONEOS_DEPLOYMENT_TARGET = 10.0;
				ONLY_ACTIVE_ARCH = YES;
				SDKROOT = iphoneos;
			};
			name = Debug;
		};
		F931CF60190910D300D92AB4 /* Release */ = {
			isa = XCBuildConfiguration;
			buildSettings = {
				ALWAYS_SEARCH_USER_PATHS = NO;
				CLANG_CXX_LANGUAGE_STANDARD = "gnu++0x";
				CLANG_CXX_LIBRARY = "libc++";
				CLANG_ENABLE_MODULES = YES;
				CLANG_ENABLE_OBJC_ARC = YES;
				CLANG_WARN_BOOL_CONVERSION = YES;
				CLANG_WARN_CONSTANT_CONVERSION = YES;
				CLANG_WARN_DIRECT_OBJC_ISA_USAGE = YES_ERROR;
				CLANG_WARN_EMPTY_BODY = YES;
				CLANG_WARN_ENUM_CONVERSION = YES;
				CLANG_WARN_INFINITE_RECURSION = YES;
				CLANG_WARN_INT_CONVERSION = YES;
				CLANG_WARN_OBJC_ROOT_CLASS = YES_ERROR;
				CLANG_WARN_SUSPICIOUS_MOVE = YES;
				CLANG_WARN_UNREACHABLE_CODE = YES;
				CLANG_WARN__DUPLICATE_METHOD_MATCH = YES;
				CODE_SIGN_IDENTITY = "iPhone Developer";
				"CODE_SIGN_IDENTITY[sdk=iphoneos*]" = "iPhone Developer";
				COPY_PHASE_STRIP = YES;
				ENABLE_NS_ASSERTIONS = NO;
				ENABLE_STRICT_OBJC_MSGSEND = YES;
				GCC_C_LANGUAGE_STANDARD = gnu99;
				GCC_NO_COMMON_BLOCKS = YES;
				GCC_WARN_64_TO_32_BIT_CONVERSION = YES;
				GCC_WARN_ABOUT_RETURN_TYPE = YES_ERROR;
				GCC_WARN_UNDECLARED_SELECTOR = YES;
				GCC_WARN_UNINITIALIZED_AUTOS = YES_AGGRESSIVE;
				GCC_WARN_UNUSED_FUNCTION = YES;
				GCC_WARN_UNUSED_VARIABLE = YES;
				IPHONEOS_DEPLOYMENT_TARGET = 10.0;
				ONLY_ACTIVE_ARCH = YES;
				SDKROOT = iphoneos;
				SWIFT_OPTIMIZATION_LEVEL = "-Owholemodule";
				VALIDATE_PRODUCT = YES;
			};
			name = Release;
		};
		F931CF62190910D300D92AB4 /* Debug */ = {
			isa = XCBuildConfiguration;
			buildSettings = {
				ALWAYS_EMBED_SWIFT_STANDARD_LIBRARIES = YES;
				ASSETCATALOG_COMPILER_APPICON_NAME = AppIcon;
				CLANG_ENABLE_MODULES = YES;
				CODE_SIGN_IDENTITY = "iPhone Developer";
				"CODE_SIGN_IDENTITY[sdk=iphoneos*]" = "iPhone Developer";
				CODE_SIGN_STYLE = Automatic;
				DEVELOPMENT_TEAM = F62A54H99Z;
				GCC_PRECOMPILE_PREFIX_HEADER = YES;
				GCC_PREFIX_HEADER = "Altimeter/Altimeter-Prefix.pch";
				INFOPLIST_FILE = "$(SRCROOT)/Altimetr/Altimetr-Info.plist";
				IPHONEOS_DEPLOYMENT_TARGET = 11.4;
				LD_RUNPATH_SEARCH_PATHS = "$(inherited) @executable_path/Frameworks";
				PRODUCT_BUNDLE_IDENTIFIER = glegrain.Altimetr;
				PRODUCT_NAME = "$(TARGET_NAME)";
				PROVISIONING_PROFILE = "";
				PROVISIONING_PROFILE_SPECIFIER = "";
				SWIFT_OPTIMIZATION_LEVEL = "-Onone";
				SWIFT_VERSION = 3.0;
				WRAPPER_EXTENSION = app;
			};
			name = Debug;
		};
		F931CF63190910D300D92AB4 /* Release */ = {
			isa = XCBuildConfiguration;
			buildSettings = {
				ALWAYS_EMBED_SWIFT_STANDARD_LIBRARIES = YES;
				ASSETCATALOG_COMPILER_APPICON_NAME = AppIcon;
				CLANG_ENABLE_MODULES = YES;
				CODE_SIGN_IDENTITY = "iPhone Developer";
				"CODE_SIGN_IDENTITY[sdk=iphoneos*]" = "iPhone Developer";
				CODE_SIGN_STYLE = Automatic;
				DEVELOPMENT_TEAM = F62A54H99Z;
				GCC_PRECOMPILE_PREFIX_HEADER = YES;
				GCC_PREFIX_HEADER = "Altimeter/Altimeter-Prefix.pch";
				INFOPLIST_FILE = "$(SRCROOT)/Altimetr/Altimetr-Info.plist";
				IPHONEOS_DEPLOYMENT_TARGET = 11.4;
				LD_RUNPATH_SEARCH_PATHS = "$(inherited) @executable_path/Frameworks";
				PRODUCT_BUNDLE_IDENTIFIER = glegrain.Altimetr;
				PRODUCT_NAME = "$(TARGET_NAME)";
				PROVISIONING_PROFILE = "";
				PROVISIONING_PROFILE_SPECIFIER = "";
				SWIFT_VERSION = 3.0;
				WRAPPER_EXTENSION = app;
			};
			name = Release;
		};
		F9D38F341D8B8928000B2FE6 /* Debug */ = {
			isa = XCBuildConfiguration;
			buildSettings = {
				CLANG_ANALYZER_NONNULL = YES;
				CLANG_WARN_UNREACHABLE_CODE = YES;
				CODE_SIGN_IDENTITY = "iPhone Developer";
				"CODE_SIGN_IDENTITY[sdk=iphoneos*]" = "iPhone Developer";
				CODE_SIGN_STYLE = Automatic;
				DEBUG_INFORMATION_FORMAT = dwarf;
				DEVELOPMENT_TEAM = F62A54H99Z;
				ENABLE_STRICT_OBJC_MSGSEND = YES;
				GCC_NO_COMMON_BLOCKS = YES;
				INFOPLIST_FILE = "$(SRCROOT)/Altimetr Today/Info.plist";
				IPHONEOS_DEPLOYMENT_TARGET = 11.4;
				LD_RUNPATH_SEARCH_PATHS = "$(inherited) @executable_path/Frameworks @executable_path/../../Frameworks";
				MTL_ENABLE_DEBUG_INFO = YES;
				PRODUCT_BUNDLE_IDENTIFIER = "glegrain.Altimetr.Altimetr-Today";
				PRODUCT_NAME = "$(TARGET_NAME)";
				PROVISIONING_PROFILE = "";
				PROVISIONING_PROFILE_SPECIFIER = "";
				SKIP_INSTALL = YES;
				SWIFT_OPTIMIZATION_LEVEL = "-Onone";
				SWIFT_VERSION = 3.0;
			};
			name = Debug;
		};
		F9D38F351D8B8928000B2FE6 /* Release */ = {
			isa = XCBuildConfiguration;
			buildSettings = {
				CLANG_ANALYZER_NONNULL = YES;
				CLANG_WARN_UNREACHABLE_CODE = YES;
				CODE_SIGN_IDENTITY = "iPhone Developer";
				"CODE_SIGN_IDENTITY[sdk=iphoneos*]" = "iPhone Developer";
				CODE_SIGN_STYLE = Automatic;
				COPY_PHASE_STRIP = NO;
				DEBUG_INFORMATION_FORMAT = "dwarf-with-dsym";
				DEVELOPMENT_TEAM = F62A54H99Z;
				ENABLE_STRICT_OBJC_MSGSEND = YES;
				GCC_NO_COMMON_BLOCKS = YES;
				INFOPLIST_FILE = "$(SRCROOT)/Altimetr Today/Info.plist";
				IPHONEOS_DEPLOYMENT_TARGET = 11.4;
				LD_RUNPATH_SEARCH_PATHS = "$(inherited) @executable_path/Frameworks @executable_path/../../Frameworks";
				MTL_ENABLE_DEBUG_INFO = NO;
				PRODUCT_BUNDLE_IDENTIFIER = "glegrain.Altimetr.Altimetr-Today";
				PRODUCT_NAME = "$(TARGET_NAME)";
				PROVISIONING_PROFILE = "";
				PROVISIONING_PROFILE_SPECIFIER = "";
				SKIP_INSTALL = YES;
				SWIFT_VERSION = 3.0;
			};
			name = Release;
		};
		F9FDBD561D8EE9630001CD31 /* Debug */ = {
			isa = XCBuildConfiguration;
			buildSettings = {
				BUNDLE_LOADER = "$(TEST_HOST)";
				CLANG_ANALYZER_NONNULL = YES;
				CLANG_WARN_UNREACHABLE_CODE = YES;
				"CODE_SIGN_IDENTITY[sdk=iphoneos*]" = "iPhone Developer";
				DEBUG_INFORMATION_FORMAT = dwarf;
				ENABLE_STRICT_OBJC_MSGSEND = YES;
				GCC_NO_COMMON_BLOCKS = YES;
				INFOPLIST_FILE = AltimetrTests/Info.plist;
				IPHONEOS_DEPLOYMENT_TARGET = 10.0;
				LD_RUNPATH_SEARCH_PATHS = "$(inherited) @executable_path/Frameworks @loader_path/Frameworks";
				MTL_ENABLE_DEBUG_INFO = YES;
				PRODUCT_BUNDLE_IDENTIFIER = glegrain.AltimeterTests;
				PRODUCT_NAME = "$(TARGET_NAME)";
				SWIFT_OPTIMIZATION_LEVEL = "-Onone";
				SWIFT_VERSION = 3.0;
				TEST_HOST = "$(BUILT_PRODUCTS_DIR)/Altimetr.app/Altimetr";
			};
			name = Debug;
		};
		F9FDBD571D8EE9630001CD31 /* Release */ = {
			isa = XCBuildConfiguration;
			buildSettings = {
				BUNDLE_LOADER = "$(TEST_HOST)";
				CLANG_ANALYZER_NONNULL = YES;
				CLANG_WARN_UNREACHABLE_CODE = YES;
				"CODE_SIGN_IDENTITY[sdk=iphoneos*]" = "iPhone Developer";
				COPY_PHASE_STRIP = NO;
				DEBUG_INFORMATION_FORMAT = "dwarf-with-dsym";
				ENABLE_STRICT_OBJC_MSGSEND = YES;
				GCC_NO_COMMON_BLOCKS = YES;
				INFOPLIST_FILE = AltimetrTests/Info.plist;
				IPHONEOS_DEPLOYMENT_TARGET = 10.0;
				LD_RUNPATH_SEARCH_PATHS = "$(inherited) @executable_path/Frameworks @loader_path/Frameworks";
				MTL_ENABLE_DEBUG_INFO = NO;
				PRODUCT_BUNDLE_IDENTIFIER = glegrain.AltimeterTests;
				PRODUCT_NAME = "$(TARGET_NAME)";
				SWIFT_VERSION = 3.0;
				TEST_HOST = "$(BUILT_PRODUCTS_DIR)/Altimetr.app/Altimetr";
			};
			name = Release;
		};
/* End XCBuildConfiguration section */

/* Begin XCConfigurationList section */
		F931CF2A190910D300D92AB4 /* Build configuration list for PBXProject "Altimetr" */ = {
			isa = XCConfigurationList;
			buildConfigurations = (
				F931CF5F190910D300D92AB4 /* Debug */,
				F931CF60190910D300D92AB4 /* Release */,
			);
			defaultConfigurationIsVisible = 0;
			defaultConfigurationName = Release;
		};
		F931CF61190910D300D92AB4 /* Build configuration list for PBXNativeTarget "Altimetr" */ = {
			isa = XCConfigurationList;
			buildConfigurations = (
				F931CF62190910D300D92AB4 /* Debug */,
				F931CF63190910D300D92AB4 /* Release */,
			);
			defaultConfigurationIsVisible = 0;
			defaultConfigurationName = Release;
		};
		F9D38F361D8B8928000B2FE6 /* Build configuration list for PBXNativeTarget "Altimetr Today" */ = {
			isa = XCConfigurationList;
			buildConfigurations = (
				F9D38F341D8B8928000B2FE6 /* Debug */,
				F9D38F351D8B8928000B2FE6 /* Release */,
			);
			defaultConfigurationIsVisible = 0;
			defaultConfigurationName = Release;
		};
		F9FDBD551D8EE9630001CD31 /* Build configuration list for PBXNativeTarget "AltimetrTests" */ = {
			isa = XCConfigurationList;
			buildConfigurations = (
				F9FDBD561D8EE9630001CD31 /* Debug */,
				F9FDBD571D8EE9630001CD31 /* Release */,
			);
			defaultConfigurationIsVisible = 0;
			defaultConfigurationName = Release;
		};
/* End XCConfigurationList section */
	};
	rootObject = F931CF27190910D300D92AB4 /* Project object */;
}
